
Microsoft Visual Studio Solution File, Format Version 12.00
# Visual Studio Version 16
VisualStudioVersion = 16.0.31402.337
MinimumVisualStudioVersion = 10.0.40219.1
Project("{9A19103F-16F7-4668-BE54-9A1E7A4F7556}") = "AgregarHeaderPDF", "AgregarHeaderPDF.csproj", "{DAE77104-56D8-44A6-8281-1270B71688B9}"
EndProject
Global
	GlobalSection(SolutionConfigurationPlatforms) = preSolution
		Debug|Any CPU = Debug|Any CPU
		Release|Any CPU = Release|Any CPU
	EndGlobalSection
	GlobalSection(ProjectConfigurationPlatforms) = postSolution
		{DAE77104-56D8-44A6-8281-1270B71688B9}.Debug|Any CPU.ActiveCfg = Debug|Any CPU
		{DAE77104-56D8-44A6-8281-1270B71688B9}.Debug|Any CPU.Build.0 = Debug|Any CPU
		{DAE77104-56D8-44A6-8281-1270B71688B9}.Release|Any CPU.ActiveCfg = Release|Any CPU
		{DAE77104-56D8-44A6-8281-1270B71688B9}.Release|Any CPU.Build.0 = Release|Any CPU
	EndGlobalSection
	GlobalSection(SolutionProperties) = preSolution
		HideSolutionNode = FALSE
	EndGlobalSection
	GlobalSection(ExtensibilityGlobals) = postSolution
		SolutionGuid = {F14EA059-4DFB-4FB7-9A10-391993998B4A}
	EndGlobalSection
EndGlobal
